
Microsoft Visual Studio Solution File, Format Version 12.00
# Visual Studio Version 16
VisualStudioVersion = 16.0.30717.126
MinimumVisualStudioVersion = 10.0.40219.1
Project("{9A19103F-16F7-4668-BE54-9A1E7A4F7556}") = "eShopSolution.WebApp", "eShopSolution.WebApp\eShopSolution.WebApp.csproj", "{E1426210-D986-4E68-8044-36B5CF025084}"
EndProject
Project("{2150E333-8FDC-42A3-9474-1A3956D46DE8}") = "Solution Items", "Solution Items", "{905D2835-D1A6-4B1C-8F45-567D33676E1A}"
	ProjectSection(SolutionItems) = preProject
		README.md = README.md
	EndProjectSection
EndProject
Project("{FAE04EC0-301F-11D3-BF4B-00C04F79EFBC}") = "eShopSolution.Data", "eShopSolution.Data\eShopSolution.Data.csproj", "{40D0B896-7388-4DB0-BFE6-CE4D449296D2}"
EndProject
Project("{FAE04EC0-301F-11D3-BF4B-00C04F79EFBC}") = "eShopSolution.Application", "eShopSolution.Application\eShopSolution.Application.csproj", "{FE09BE68-01C6-4FF6-B831-96FCA43A4924}"
EndProject
Global
	GlobalSection(SolutionConfigurationPlatforms) = preSolution
		Debug|Any CPU = Debug|Any CPU
		Release|Any CPU = Release|Any CPU
	EndGlobalSection
	GlobalSection(ProjectConfigurationPlatforms) = postSolution
		{E1426210-D986-4E68-8044-36B5CF025084}.Debug|Any CPU.ActiveCfg = Debug|Any CPU
		{E1426210-D986-4E68-8044-36B5CF025084}.Debug|Any CPU.Build.0 = Debug|Any CPU
		{E1426210-D986-4E68-8044-36B5CF025084}.Release|Any CPU.ActiveCfg = Release|Any CPU
		{E1426210-D986-4E68-8044-36B5CF025084}.Release|Any CPU.Build.0 = Release|Any CPU
		{40D0B896-7388-4DB0-BFE6-CE4D449296D2}.Debug|Any CPU.ActiveCfg = Debug|Any CPU
		{40D0B896-7388-4DB0-BFE6-CE4D449296D2}.Debug|Any CPU.Build.0 = Debug|Any CPU
		{40D0B896-7388-4DB0-BFE6-CE4D449296D2}.Release|Any CPU.ActiveCfg = Release|Any CPU
		{40D0B896-7388-4DB0-BFE6-CE4D449296D2}.Release|Any CPU.Build.0 = Release|Any CPU
		{FE09BE68-01C6-4FF6-B831-96FCA43A4924}.Debug|Any CPU.ActiveCfg = Debug|Any CPU
		{FE09BE68-01C6-4FF6-B831-96FCA43A4924}.Debug|Any CPU.Build.0 = Debug|Any CPU
		{FE09BE68-01C6-4FF6-B831-96FCA43A4924}.Release|Any CPU.ActiveCfg = Release|Any CPU
		{FE09BE68-01C6-4FF6-B831-96FCA43A4924}.Release|Any CPU.Build.0 = Release|Any CPU
	EndGlobalSection
	GlobalSection(SolutionProperties) = preSolution
		HideSolutionNode = FALSE
	EndGlobalSection
	GlobalSection(ExtensibilityGlobals) = postSolution
		SolutionGuid = {765EB060-FBB2-474B-AE52-26AB8526E1A8}
	EndGlobalSection
EndGlobal
